
Microsoft Visual Studio Solution File, Format Version 12.00
# Visual Studio Version 16
VisualStudioVersion = 16.0.31005.135
MinimumVisualStudioVersion = 10.0.40219.1
Project("{159641D6-6404-4A2A-AE62-294DE0FE8301}") = "Assignment", "Assignment\Assignment.dtproj", "{7EAB6404-F972-44F2-BB91-BB152D49126B}"
EndProject
Global
	GlobalSection(SolutionConfigurationPlatforms) = preSolution
		Development|Default = Development|Default
	EndGlobalSection
	GlobalSection(ProjectConfigurationPlatforms) = postSolution
		{7EAB6404-F972-44F2-BB91-BB152D49126B}.Development|Default.ActiveCfg = Development
		{7EAB6404-F972-44F2-BB91-BB152D49126B}.Development|Default.Build.0 = Development
	EndGlobalSection
	GlobalSection(SolutionProperties) = preSolution
		HideSolutionNode = FALSE
	EndGlobalSection
	GlobalSection(ExtensibilityGlobals) = postSolution
		SolutionGuid = {F2854FFB-442E-467A-9205-8A90279B7B42}
	EndGlobalSection
EndGlobal
